
Microsoft Visual Studio Solution File, Format Version 12.00
# Visual Studio Version 17
VisualStudioVersion = 17.14.36408.4 d17.14
MinimumVisualStudioVersion = 10.0.40219.1
Project("{FAE04EC0-301F-11D3-BF4B-00C04F79EFBC}") = "WinFormsExcelFilterDemo", "WinFormsExcelFilterDemo\WinFormsExcelFilterDemo.csproj", "{5742F8FD-6062-40A5-8BE8-878637BBBCFB}"
EndProject
Global
	GlobalSection(SolutionConfigurationPlatforms) = preSolution
		Debug|Any CPU = Debug|Any CPU
		Release|Any CPU = Release|Any CPU
	EndGlobalSection
	GlobalSection(ProjectConfigurationPlatforms) = postSolution
		{5742F8FD-6062-40A5-8BE8-878637BBBCFB}.Debug|Any CPU.ActiveCfg = Debug|Any CPU
		{5742F8FD-6062-40A5-8BE8-878637BBBCFB}.Debug|Any CPU.Build.0 = Debug|Any CPU
		{5742F8FD-6062-40A5-8BE8-878637BBBCFB}.Release|Any CPU.ActiveCfg = Release|Any CPU
		{5742F8FD-6062-40A5-8BE8-878637BBBCFB}.Release|Any CPU.Build.0 = Release|Any CPU
	EndGlobalSection
	GlobalSection(SolutionProperties) = preSolution
		HideSolutionNode = FALSE
	EndGlobalSection
	GlobalSection(ExtensibilityGlobals) = postSolution
		SolutionGuid = {D844218A-2BA8-4AB5-9DAC-71A2B642955A}
	EndGlobalSection
EndGlobal
